// !$*UTF8*$!
{
	archiveVersion = 1;
	classes = {
	};
	objectVersion = 46;
	objects = {

/* Begin PBXBuildFile section */
		CEB29A671DAD97C300F26E77 /* main.m in Sources */ = {isa = PBXBuildFile; fileRef = CEB29A661DAD97C300F26E77 /* main.m */; };
		CEB29A6A1DAD97C300F26E77 /* AppDelegate.m in Sources */ = {isa = PBXBuildFile; fileRef = CEB29A691DAD97C300F26E77 /* AppDelegate.m */; };
		CEB29A6D1DAD97C300F26E77 /* GuessingGameViewController.m in Sources */ = {isa = PBXBuildFile; fileRef = CEB29A6C1DAD97C300F26E77 /* GuessingGameViewController.m */; };
		CEB29A701DAD97C300F26E77 /* Main.storyboard in Resources */ = {isa = PBXBuildFile; fileRef = CEB29A6E1DAD97C300F26E77 /* Main.storyboard */; };
		CEB29A731DAD97C300F26E77 /* GuessingGame.xcdatamodeld in Sources */ = {isa = PBXBuildFile; fileRef = CEB29A711DAD97C300F26E77 /* GuessingGame.xcdatamodeld */; };
		CEB29A751DAD97C300F26E77 /* Assets.xcassets in Resources */ = {isa = PBXBuildFile; fileRef = CEB29A741DAD97C300F26E77 /* Assets.xcassets */; };
		CEB29A781DAD97C300F26E77 /* LaunchScreen.storyboard in Resources */ = {isa = PBXBuildFile; fileRef = CEB29A761DAD97C300F26E77 /* LaunchScreen.storyboard */; };
		CEB29A811DAD982200F26E77 /* RulesScreenViewController.m in Sources */ = {isa = PBXBuildFile; fileRef = CEB29A801DAD982200F26E77 /* RulesScreenViewController.m */; };
		CEB29A891DADA3F300F26E77 /* Product.m in Sources */ = {isa = PBXBuildFile; fileRef = CEB29A881DADA3F300F26E77 /* Product.m */; };
		CEF4B24D1DB408AD00F6A5EA /* ResultsScreenViewController.m in Sources */ = {isa = PBXBuildFile; fileRef = CEF4B24C1DB408AD00F6A5EA /* ResultsScreenViewController.m */; };
/* End PBXBuildFile section */

/* Begin PBXFileReference section */
		CEB29A621DAD97C300F26E77 /* GuessingGame.app */ = {isa = PBXFileReference; explicitFileType = wrapper.application; includeInIndex = 0; path = GuessingGame.app; sourceTree = BUILT_PRODUCTS_DIR; };
		CEB29A661DAD97C300F26E77 /* main.m */ = {isa = PBXFileReference; lastKnownFileType = sourcecode.c.objc; path = main.m; sourceTree = "<group>"; };
		CEB29A681DAD97C300F26E77 /* AppDelegate.h */ = {isa = PBXFileReference; lastKnownFileType = sourcecode.c.h; path = AppDelegate.h; sourceTree = "<group>"; };
		CEB29A691DAD97C300F26E77 /* AppDelegate.m */ = {isa = PBXFileReference; lastKnownFileType = sourcecode.c.objc; path = AppDelegate.m; sourceTree = "<group>"; };
		CEB29A6B1DAD97C300F26E77 /* GuessingGameViewController.h */ = {isa = PBXFileReference; lastKnownFileType = sourcecode.c.h; path = GuessingGameViewController.h; sourceTree = "<group>"; };
		CEB29A6C1DAD97C300F26E77 /* GuessingGameViewController.m */ = {isa = PBXFileReference; lastKnownFileType = sourcecode.c.objc; path = GuessingGameViewController.m; sourceTree = "<group>"; };
		CEB29A6F1DAD97C300F26E77 /* Base */ = {isa = PBXFileReference; lastKnownFileType = file.storyboard; name = Base; path = Base.lproj/Main.storyboard; sourceTree = "<group>"; };
		CEB29A721DAD97C300F26E77 /* GuessingGame.xcdatamodel */ = {isa = PBXFileReference; lastKnownFileType = wrapper.xcdatamodel; path = GuessingGame.xcdatamodel; sourceTree = "<group>"; };
		CEB29A741DAD97C300F26E77 /* Assets.xcassets */ = {isa = PBXFileReference; lastKnownFileType = folder.assetcatalog; path = Assets.xcassets; sourceTree = "<group>"; };
		CEB29A771DAD97C300F26E77 /* Base */ = {isa = PBXFileReference; lastKnownFileType = file.storyboard; name = Base; path = Base.lproj/LaunchScreen.storyboard; sourceTree = "<group>"; };
		CEB29A791DAD97C300F26E77 /* Info.plist */ = {isa = PBXFileReference; lastKnownFileType = text.plist.xml; path = Info.plist; sourceTree = "<group>"; };
		CEB29A801DAD982200F26E77 /* RulesScreenViewController.m */ = {isa = PBXFileReference; fileEncoding = 4; lastKnownFileType = sourcecode.c.objc; path = RulesScreenViewController.m; sourceTree = "<group>"; };
		CEB29A821DAD983900F26E77 /* RulesScreenViewController.h */ = {isa = PBXFileReference; lastKnownFileType = sourcecode.c.h; path = RulesScreenViewController.h; sourceTree = "<group>"; };
		CEB29A881DADA3F300F26E77 /* Product.m */ = {isa = PBXFileReference; fileEncoding = 4; lastKnownFileType = sourcecode.c.objc; path = Product.m; sourceTree = "<group>"; };
		CEB29A8A1DADA40200F26E77 /* Product.h */ = {isa = PBXFileReference; lastKnownFileType = sourcecode.c.h; path = Product.h; sourceTree = "<group>"; };
		CEF4B24C1DB408AD00F6A5EA /* ResultsScreenViewController.m */ = {isa = PBXFileReference; fileEncoding = 4; lastKnownFileType = sourcecode.c.objc; path = ResultsScreenViewController.m; sourceTree = "<group>"; };
		CEF4B24E1DB408BE00F6A5EA /* ResultsScreenViewController.h */ = {isa = PBXFileReference; lastKnownFileType = sourcecode.c.h; path = ResultsScreenViewController.h; sourceTree = "<group>"; };
		CEF4B24F1DB42CB800F6A5EA /* GuessingGameLight.xcdatamodel */ = {isa = PBXFileReference; lastKnownFileType = wrapper.xcdatamodel; path = GuessingGameLight.xcdatamodel; sourceTree = "<group>"; };
/* End PBXFileReference section */

/* Begin PBXFrameworksBuildPhase section */
		CEB29A5F1DAD97C300F26E77 /* Frameworks */ = {
			isa = PBXFrameworksBuildPhase;
			buildActionMask = 2147483647;
			files = (
			);
			runOnlyForDeploymentPostprocessing = 0;
		};
/* End PBXFrameworksBuildPhase section */

/* Begin PBXGroup section */
		CEB29A591DAD97C300F26E77 = {
			isa = PBXGroup;
			children = (
				CEB29A641DAD97C300F26E77 /* GuessingGame */,
				CEB29A631DAD97C300F26E77 /* Products */,
			);
			sourceTree = "<group>";
		};
		CEB29A631DAD97C300F26E77 /* Products */ = {
			isa = PBXGroup;
			children = (
				CEB29A621DAD97C300F26E77 /* GuessingGame.app */,
			);
			name = Products;
			sourceTree = "<group>";
		};
		CEB29A641DAD97C300F26E77 /* GuessingGame */ = {
			isa = PBXGroup;
			children = (
				CEB29A871DADA3DB00F26E77 /* Game Objects */,
				CEB29A7F1DAD97D100F26E77 /* View Controllers */,
				CEB29A681DAD97C300F26E77 /* AppDelegate.h */,
				CEB29A691DAD97C300F26E77 /* AppDelegate.m */,
				CEB29A6E1DAD97C300F26E77 /* Main.storyboard */,
				CEB29A741DAD97C300F26E77 /* Assets.xcassets */,
				CEB29A761DAD97C300F26E77 /* LaunchScreen.storyboard */,
				CEB29A791DAD97C300F26E77 /* Info.plist */,
				CEB29A711DAD97C300F26E77 /* GuessingGame.xcdatamodeld */,
				CEB29A651DAD97C300F26E77 /* Supporting Files */,
			);
			path = GuessingGame;
			sourceTree = "<group>";
		};
		CEB29A651DAD97C300F26E77 /* Supporting Files */ = {
			isa = PBXGroup;
			children = (
				CEB29A661DAD97C300F26E77 /* main.m */,
			);
			name = "Supporting Files";
			sourceTree = "<group>";
		};
		CEB29A7F1DAD97D100F26E77 /* View Controllers */ = {
			isa = PBXGroup;
			children = (
				CEB29A6B1DAD97C300F26E77 /* GuessingGameViewController.h */,
				CEB29A6C1DAD97C300F26E77 /* GuessingGameViewController.m */,
				CEB29A821DAD983900F26E77 /* RulesScreenViewController.h */,
				CEB29A801DAD982200F26E77 /* RulesScreenViewController.m */,
				CEF4B24E1DB408BE00F6A5EA /* ResultsScreenViewController.h */,
				CEF4B24C1DB408AD00F6A5EA /* ResultsScreenViewController.m */,
			);
			name = "View Controllers";
			sourceTree = "<group>";
		};
		CEB29A871DADA3DB00F26E77 /* Game Objects */ = {
			isa = PBXGroup;
			children = (
				CEB29A8A1DADA40200F26E77 /* Product.h */,
				CEB29A881DADA3F300F26E77 /* Product.m */,
			);
			name = "Game Objects";
			sourceTree = "<group>";
		};
/* End PBXGroup section */

/* Begin PBXNativeTarget section */
		CEB29A611DAD97C300F26E77 /* GuessingGame */ = {
			isa = PBXNativeTarget;
			buildConfigurationList = CEB29A7C1DAD97C300F26E77 /* Build configuration list for PBXNativeTarget "GuessingGame" */;
			buildPhases = (
				CEB29A5E1DAD97C300F26E77 /* Sources */,
				CEB29A5F1DAD97C300F26E77 /* Frameworks */,
				CEB29A601DAD97C300F26E77 /* Resources */,
			);
			buildRules = (
			);
			dependencies = (
			);
			name = GuessingGame;
			productName = GuessingGame;
			productReference = CEB29A621DAD97C300F26E77 /* GuessingGame.app */;
			productType = "com.apple.product-type.application";
		};
/* End PBXNativeTarget section */

/* Begin PBXProject section */
		CEB29A5A1DAD97C300F26E77 /* Project object */ = {
			isa = PBXProject;
			attributes = {
				LastUpgradeCheck = 0730;
				ORGANIZATIONNAME = bryan;
				TargetAttributes = {
					CEB29A611DAD97C300F26E77 = {
						CreatedOnToolsVersion = 7.3.1;
					};
				};
			};
			buildConfigurationList = CEB29A5D1DAD97C300F26E77 /* Build configuration list for PBXProject "GuessingGame" */;
			compatibilityVersion = "Xcode 3.2";
			developmentRegion = English;
			hasScannedForEncodings = 0;
			knownRegions = (
				en,
				Base,
			);
			mainGroup = CEB29A591DAD97C300F26E77;
			productRefGroup = CEB29A631DAD97C300F26E77 /* Products */;
			projectDirPath = "";
			projectRoot = "";
			targets = (
				CEB29A611DAD97C300F26E77 /* GuessingGame */,
			);
		};
/* End PBXProject section */

/* Begin PBXResourcesBuildPhase section */
		CEB29A601DAD97C300F26E77 /* Resources */ = {
			isa = PBXResourcesBuildPhase;
			buildActionMask = 2147483647;
			files = (
				CEB29A781DAD97C300F26E77 /* LaunchScreen.storyboard in Resources */,
				CEB29A751DAD97C300F26E77 /* Assets.xcassets in Resources */,
				CEB29A701DAD97C300F26E77 /* Main.storyboard in Resources */,
			);
			runOnlyForDeploymentPostprocessing = 0;
		};
/* End PBXResourcesBuildPhase section */

/* Begin PBXSourcesBuildPhase section */
		CEB29A5E1DAD97C300F26E77 /* Sources */ = {
			isa = PBXSourcesBuildPhase;
			buildActionMask = 2147483647;
			files = (
				CEB29A731DAD97C300F26E77 /* GuessingGame.xcdatamodeld in Sources */,
				CEF4B24D1DB408AD00F6A5EA /* ResultsScreenViewController.m in Sources */,
				CEB29A811DAD982200F26E77 /* RulesScreenViewController.m in Sources */,
				CEB29A6D1DAD97C300F26E77 /* GuessingGameViewController.m in Sources */,
				CEB29A6A1DAD97C300F26E77 /* AppDelegate.m in Sources */,
				CEB29A671DAD97C300F26E77 /* main.m in Sources */,
				CEB29A891DADA3F300F26E77 /* Product.m in Sources */,
			);
			runOnlyForDeploymentPostprocessing = 0;
		};
/* End PBXSourcesBuildPhase section */

/* Begin PBXVariantGroup section */
		CEB29A6E1DAD97C300F26E77 /* Main.storyboard */ = {
			isa = PBXVariantGroup;
			children = (
				CEB29A6F1DAD97C300F26E77 /* Base */,
			);
			name = Main.storyboard;
			sourceTree = "<group>";
		};
		CEB29A761DAD97C300F26E77 /* LaunchScreen.storyboard */ = {
			isa = PBXVariantGroup;
			children = (
				CEB29A771DAD97C300F26E77 /* Base */,
			);
			name = LaunchScreen.storyboard;
			sourceTree = "<group>";
		};
/* End PBXVariantGroup section */

/* Begin XCBuildConfiguration section */
		CEB29A7A1DAD97C300F26E77 /* Debug */ = {
			isa = XCBuildConfiguration;
			buildSettings = {
				ALWAYS_SEARCH_USER_PATHS = NO;
				CLANG_ANALYZER_NONNULL = YES;
				CLANG_CXX_LANGUAGE_STANDARD = "gnu++0x";
				CLANG_CXX_LIBRARY = "libc++";
				CLANG_ENABLE_MODULES = YES;
				CLANG_ENABLE_OBJC_ARC = YES;
				CLANG_WARN_BOOL_CONVERSION = YES;
				CLANG_WARN_CONSTANT_CONVERSION = YES;
				CLANG_WARN_DIRECT_OBJC_ISA_USAGE = YES_ERROR;
				CLANG_WARN_EMPTY_BODY = YES;
				CLANG_WARN_ENUM_CONVERSION = YES;
				CLANG_WARN_INT_CONVERSION = YES;
				CLANG_WARN_OBJC_ROOT_CLASS = YES_ERROR;
				CLANG_WARN_UNREACHABLE_CODE = YES;
				CLANG_WARN__DUPLICATE_METHOD_MATCH = YES;
				"CODE_SIGN_IDENTITY[sdk=iphoneos*]" = "iPhone Developer";
				COPY_PHASE_STRIP = NO;
				DEBUG_INFORMATION_FORMAT = dwarf;
				ENABLE_STRICT_OBJC_MSGSEND = YES;
				ENABLE_TESTABILITY = YES;
				GCC_C_LANGUAGE_STANDARD = gnu99;
				GCC_DYNAMIC_NO_PIC = NO;
				GCC_NO_COMMON_BLOCKS = YES;
				GCC_OPTIMIZATION_LEVEL = 0;
				GCC_PREPROCESSOR_DEFINITIONS = (
					"DEBUG=1",
					"$(inherited)",
				);
				GCC_WARN_64_TO_32_BIT_CONVERSION = YES;
				GCC_WARN_ABOUT_RETURN_TYPE = YES_ERROR;
				GCC_WARN_UNDECLARED_SELECTOR = YES;
				GCC_WARN_UNINITIALIZED_AUTOS = YES_AGGRESSIVE;
				GCC_WARN_UNUSED_FUNCTION = YES;
				GCC_WARN_UNUSED_VARIABLE = YES;
				IPHONEOS_DEPLOYMENT_TARGET = 9.3;
				MTL_ENABLE_DEBUG_INFO = YES;
				ONLY_ACTIVE_ARCH = YES;
				SDKROOT = iphoneos;
				TARGETED_DEVICE_FAMILY = "1,2";
			};
			name = Debug;
		};
		CEB29A7B1DAD97C300F26E77 /* Release */ = {
			isa = XCBuildConfiguration;
			buildSettings = {
				ALWAYS_SEARCH_USER_PATHS = NO;
				CLANG_ANALYZER_NONNULL = YES;
				CLANG_CXX_LANGUAGE_STANDARD = "gnu++0x";
				CLANG_CXX_LIBRARY = "libc++";
				CLANG_ENABLE_MODULES = YES;
				CLANG_ENABLE_OBJC_ARC = YES;
				CLANG_WARN_BOOL_CONVERSION = YES;
				CLANG_WARN_CONSTANT_CONVERSION = YES;
				CLANG_WARN_DIRECT_OBJC_ISA_USAGE = YES_ERROR;
				CLANG_WARN_EMPTY_BODY = YES;
				CLANG_WARN_ENUM_CONVERSION = YES;
				CLANG_WARN_INT_CONVERSION = YES;
				CLANG_WARN_OBJC_ROOT_CLASS = YES_ERROR;
				CLANG_WARN_UNREACHABLE_CODE = YES;
				CLANG_WARN__DUPLICATE_METHOD_MATCH = YES;
				"CODE_SIGN_IDENTITY[sdk=iphoneos*]" = "iPhone Developer";
				COPY_PHASE_STRIP = NO;
				DEBUG_INFORMATION_FORMAT = "dwarf-with-dsym";
				ENABLE_NS_ASSERTIONS = NO;
				ENABLE_STRICT_OBJC_MSGSEND = YES;
				GCC_C_LANGUAGE_STANDARD = gnu99;
				GCC_NO_COMMON_BLOCKS = YES;
				GCC_WARN_64_TO_32_BIT_CONVERSION = YES;
				GCC_WARN_ABOUT_RETURN_TYPE = YES_ERROR;
				GCC_WARN_UNDECLARED_SELECTOR = YES;
				GCC_WARN_UNINITIALIZED_AUTOS = YES_AGGRESSIVE;
				GCC_WARN_UNUSED_FUNCTION = YES;
				GCC_WARN_UNUSED_VARIABLE = YES;
				IPHONEOS_DEPLOYMENT_TARGET = 9.3;
				MTL_ENABLE_DEBUG_INFO = NO;
				SDKROOT = iphoneos;
				TARGETED_DEVICE_FAMILY = "1,2";
				VALIDATE_PRODUCT = YES;
			};
			name = Release;
		};
		CEB29A7D1DAD97C300F26E77 /* Debug */ = {
			isa = XCBuildConfiguration;
			buildSettings = {
				ASSETCATALOG_COMPILER_APPICON_NAME = AppIcon;
				"CODE_SIGN_IDENTITY[sdk=iphoneos*]" = "";
				INFOPLIST_FILE = GuessingGame/Info.plist;
				LD_RUNPATH_SEARCH_PATHS = "$(inherited) @executable_path/Frameworks";
				PRODUCT_BUNDLE_IDENTIFIER = com.bryan.GuessingGame;
				PRODUCT_NAME = "$(TARGET_NAME)";
				TARGETED_DEVICE_FAMILY = 1;
			};
			name = Debug;
		};
		CEB29A7E1DAD97C300F26E77 /* Release */ = {
			isa = XCBuildConfiguration;
			buildSettings = {
				ASSETCATALOG_COMPILER_APPICON_NAME = AppIcon;
				"CODE_SIGN_IDENTITY[sdk=iphoneos*]" = "";
				INFOPLIST_FILE = GuessingGame/Info.plist;
				LD_RUNPATH_SEARCH_PATHS = "$(inherited) @executable_path/Frameworks";
				PRODUCT_BUNDLE_IDENTIFIER = com.bryan.GuessingGame;
				PRODUCT_NAME = "$(TARGET_NAME)";
				TARGETED_DEVICE_FAMILY = 1;
			};
			name = Release;
		};
/* End XCBuildConfiguration section */

/* Begin XCConfigurationList section */
		CEB29A5D1DAD97C300F26E77 /* Build configuration list for PBXProject "GuessingGame" */ = {
			isa = XCConfigurationList;
			buildConfigurations = (
				CEB29A7A1DAD97C300F26E77 /* Debug */,
				CEB29A7B1DAD97C300F26E77 /* Release */,
			);
			defaultConfigurationIsVisible = 0;
			defaultConfigurationName = Release;
		};
		CEB29A7C1DAD97C300F26E77 /* Build configuration list for PBXNativeTarget "GuessingGame" */ = {
			isa = XCConfigurationList;
			buildConfigurations = (
				CEB29A7D1DAD97C300F26E77 /* Debug */,
				CEB29A7E1DAD97C300F26E77 /* Release */,
			);
			defaultConfigurationIsVisible = 0;
			defaultConfigurationName = Release;
		};
/* End XCConfigurationList section */

/* Begin XCVersionGroup section */
		CEB29A711DAD97C300F26E77 /* GuessingGame.xcdatamodeld */ = {
			isa = XCVersionGroup;
			children = (
				CEF4B24F1DB42CB800F6A5EA /* GuessingGameLight.xcdatamodel */,
				CEB29A721DAD97C300F26E77 /* GuessingGame.xcdatamodel */,
			);
			currentVersion = CEF4B24F1DB42CB800F6A5EA /* GuessingGameLight.xcdatamodel */;
			path = GuessingGame.xcdatamodeld;
			sourceTree = "<group>";
			versionGroupType = wrapper.xcdatamodel;
		};
/* End XCVersionGroup section */
	};
	rootObject = CEB29A5A1DAD97C300F26E77 /* Project object */;
}
